
Microsoft Visual Studio Solution File, Format Version 12.00
# Visual Studio Version 17
VisualStudioVersion = 17.9.34622.214
MinimumVisualStudioVersion = 10.0.40219.1
Project("{FAE04EC0-301F-11D3-BF4B-00C04F79EFBC}") = "Casting", "Casting\Casting.csproj", "{C1042109-2DB5-4F15-913B-071976A58532}"
EndProject
Project("{FAE04EC0-301F-11D3-BF4B-00C04F79EFBC}") = "Core", "Core\Core.csproj", "{60B563DA-B1CB-42C6-98F5-A508E3766764}"
EndProject
Global
	GlobalSection(SolutionConfigurationPlatforms) = preSolution
		Debug|Any CPU = Debug|Any CPU
		Release|Any CPU = Release|Any CPU
	EndGlobalSection
	GlobalSection(ProjectConfigurationPlatforms) = postSolution
		{C1042109-2DB5-4F15-913B-071976A58532}.Debug|Any CPU.ActiveCfg = Debug|Any CPU
		{C1042109-2DB5-4F15-913B-071976A58532}.Debug|Any CPU.Build.0 = Debug|Any CPU
		{C1042109-2DB5-4F15-913B-071976A58532}.Release|Any CPU.ActiveCfg = Release|Any CPU
		{C1042109-2DB5-4F15-913B-071976A58532}.Release|Any CPU.Build.0 = Release|Any CPU
		{60B563DA-B1CB-42C6-98F5-A508E3766764}.Debug|Any CPU.ActiveCfg = Debug|Any CPU
		{60B563DA-B1CB-42C6-98F5-A508E3766764}.Debug|Any CPU.Build.0 = Debug|Any CPU
		{60B563DA-B1CB-42C6-98F5-A508E3766764}.Release|Any CPU.ActiveCfg = Release|Any CPU
		{60B563DA-B1CB-42C6-98F5-A508E3766764}.Release|Any CPU.Build.0 = Release|Any CPU
	EndGlobalSection
	GlobalSection(SolutionProperties) = preSolution
		HideSolutionNode = FALSE
	EndGlobalSection
	GlobalSection(ExtensibilityGlobals) = postSolution
		SolutionGuid = {063527CC-58F5-469B-9F4E-EDE5CCA35907}
	EndGlobalSection
EndGlobal
